
Microsoft Visual Studio Solution File, Format Version 12.00
# Visual Studio Version 16
VisualStudioVersion = 16.0.29020.237
MinimumVisualStudioVersion = 10.0.40219.1
Project("{FAE04EC0-301F-11D3-BF4B-00C04F79EFBC}") = "MVCBlog", "MVCBlog\MVCBlog.csproj", "{A2E90996-CB84-46B3-9154-048A80D28911}"
EndProject
Project("{2150E333-8FDC-42A3-9474-1A3956D46DE8}") = "DATA", "DATA", "{C23E868C-C0C3-46DE-ABE7-F93038A87ADE}"
EndProject
Project("{FAE04EC0-301F-11D3-BF4B-00C04F79EFBC}") = "MVCBlog.Entity", "MVCBlog.Entity\MVCBlog.Entity.csproj", "{A88EF08D-C05D-4174-976A-DBEC269C6F4C}"
EndProject
Project("{FAE04EC0-301F-11D3-BF4B-00C04F79EFBC}") = "MVCBlog.Repository", "DATA\MVCBlog.Repository\MVCBlog.Repository.csproj", "{06077C42-6CC1-428C-B3AF-9AB2D1F7A3B9}"
EndProject
Project("{2150E333-8FDC-42A3-9474-1A3956D46DE8}") = "HELPER", "HELPER", "{7715E319-2DCE-4674-A98D-EDDBBB5CD2C9}"
EndProject
Project("{FAE04EC0-301F-11D3-BF4B-00C04F79EFBC}") = "MVCBlog.Localization", "MVCBlog.Localization\MVCBlog.Localization.csproj", "{A777A55E-BD62-4BBB-B15D-B010F01CEF07}"
EndProject
Project("{FAE04EC0-301F-11D3-BF4B-00C04F79EFBC}") = "MVCBlog.ExceptionManager", "MVCBlog.ExceptionManager\MVCBlog.ExceptionManager.csproj", "{C79790F9-581E-4230-B243-DE046A0E6C07}"
EndProject
Project("{FAE04EC0-301F-11D3-BF4B-00C04F79EFBC}") = "MVCBlog.Helper", "MVCBlog.Helper\MVCBlog.Helper.csproj", "{F362BB36-0422-4065-950D-BD01024B92B4}"
EndProject
Project("{FAE04EC0-301F-11D3-BF4B-00C04F79EFBC}") = "MVCBlog.Common", "MVCBlog.Common\MVCBlog.Common.csproj", "{272EEF00-45F2-4BF3-941B-D80E75083B2A}"
EndProject
Global
	GlobalSection(SolutionConfigurationPlatforms) = preSolution
		Debug|Any CPU = Debug|Any CPU
		Release|Any CPU = Release|Any CPU
	EndGlobalSection
	GlobalSection(ProjectConfigurationPlatforms) = postSolution
		{A2E90996-CB84-46B3-9154-048A80D28911}.Debug|Any CPU.ActiveCfg = Debug|Any CPU
		{A2E90996-CB84-46B3-9154-048A80D28911}.Debug|Any CPU.Build.0 = Debug|Any CPU
		{A2E90996-CB84-46B3-9154-048A80D28911}.Release|Any CPU.ActiveCfg = Release|Any CPU
		{A2E90996-CB84-46B3-9154-048A80D28911}.Release|Any CPU.Build.0 = Release|Any CPU
		{A88EF08D-C05D-4174-976A-DBEC269C6F4C}.Debug|Any CPU.ActiveCfg = Debug|Any CPU
		{A88EF08D-C05D-4174-976A-DBEC269C6F4C}.Debug|Any CPU.Build.0 = Debug|Any CPU
		{A88EF08D-C05D-4174-976A-DBEC269C6F4C}.Release|Any CPU.ActiveCfg = Release|Any CPU
		{A88EF08D-C05D-4174-976A-DBEC269C6F4C}.Release|Any CPU.Build.0 = Release|Any CPU
		{06077C42-6CC1-428C-B3AF-9AB2D1F7A3B9}.Debug|Any CPU.ActiveCfg = Debug|Any CPU
		{06077C42-6CC1-428C-B3AF-9AB2D1F7A3B9}.Debug|Any CPU.Build.0 = Debug|Any CPU
		{06077C42-6CC1-428C-B3AF-9AB2D1F7A3B9}.Release|Any CPU.ActiveCfg = Release|Any CPU
		{06077C42-6CC1-428C-B3AF-9AB2D1F7A3B9}.Release|Any CPU.Build.0 = Release|Any CPU
		{A777A55E-BD62-4BBB-B15D-B010F01CEF07}.Debug|Any CPU.ActiveCfg = Debug|Any CPU
		{A777A55E-BD62-4BBB-B15D-B010F01CEF07}.Debug|Any CPU.Build.0 = Debug|Any CPU
		{A777A55E-BD62-4BBB-B15D-B010F01CEF07}.Release|Any CPU.ActiveCfg = Release|Any CPU
		{A777A55E-BD62-4BBB-B15D-B010F01CEF07}.Release|Any CPU.Build.0 = Release|Any CPU
		{C79790F9-581E-4230-B243-DE046A0E6C07}.Debug|Any CPU.ActiveCfg = Debug|Any CPU
		{C79790F9-581E-4230-B243-DE046A0E6C07}.Debug|Any CPU.Build.0 = Debug|Any CPU
		{C79790F9-581E-4230-B243-DE046A0E6C07}.Release|Any CPU.ActiveCfg = Release|Any CPU
		{C79790F9-581E-4230-B243-DE046A0E6C07}.Release|Any CPU.Build.0 = Release|Any CPU
		{F362BB36-0422-4065-950D-BD01024B92B4}.Debug|Any CPU.ActiveCfg = Debug|Any CPU
		{F362BB36-0422-4065-950D-BD01024B92B4}.Debug|Any CPU.Build.0 = Debug|Any CPU
		{F362BB36-0422-4065-950D-BD01024B92B4}.Release|Any CPU.ActiveCfg = Release|Any CPU
		{F362BB36-0422-4065-950D-BD01024B92B4}.Release|Any CPU.Build.0 = Release|Any CPU
		{272EEF00-45F2-4BF3-941B-D80E75083B2A}.Debug|Any CPU.ActiveCfg = Debug|Any CPU
		{272EEF00-45F2-4BF3-941B-D80E75083B2A}.Debug|Any CPU.Build.0 = Debug|Any CPU
		{272EEF00-45F2-4BF3-941B-D80E75083B2A}.Release|Any CPU.ActiveCfg = Release|Any CPU
		{272EEF00-45F2-4BF3-941B-D80E75083B2A}.Release|Any CPU.Build.0 = Release|Any CPU
	EndGlobalSection
	GlobalSection(SolutionProperties) = preSolution
		HideSolutionNode = FALSE
	EndGlobalSection
	GlobalSection(NestedProjects) = preSolution
		{A88EF08D-C05D-4174-976A-DBEC269C6F4C} = {C23E868C-C0C3-46DE-ABE7-F93038A87ADE}
		{06077C42-6CC1-428C-B3AF-9AB2D1F7A3B9} = {C23E868C-C0C3-46DE-ABE7-F93038A87ADE}
		{A777A55E-BD62-4BBB-B15D-B010F01CEF07} = {7715E319-2DCE-4674-A98D-EDDBBB5CD2C9}
		{C79790F9-581E-4230-B243-DE046A0E6C07} = {7715E319-2DCE-4674-A98D-EDDBBB5CD2C9}
		{F362BB36-0422-4065-950D-BD01024B92B4} = {7715E319-2DCE-4674-A98D-EDDBBB5CD2C9}
		{272EEF00-45F2-4BF3-941B-D80E75083B2A} = {C23E868C-C0C3-46DE-ABE7-F93038A87ADE}
	EndGlobalSection
	GlobalSection(ExtensibilityGlobals) = postSolution
		SolutionGuid = {495C2F94-F926-4826-8276-30D32B9DF74D}
	EndGlobalSection
EndGlobal
